// !$*UTF8*$!
{
	archiveVersion = 1;
	classes = {
	};
	objectVersion = 48;
	objects = {

/* Begin PBXBuildFile section */
		185FC160201029830051FA3B /* AppDelegate.m in Sources */ = {isa = PBXBuildFile; fileRef = 185FC15F201029830051FA3B /* AppDelegate.m */; };
		185FC163201029830051FA3B /* ViewController.m in Sources */ = {isa = PBXBuildFile; fileRef = 185FC162201029830051FA3B /* ViewController.m */; };
		185FC166201029830051FA3B /* Main.storyboard in Resources */ = {isa = PBXBuildFile; fileRef = 185FC164201029830051FA3B /* Main.storyboard */; };
		185FC168201029830051FA3B /* Assets.xcassets in Resources */ = {isa = PBXBuildFile; fileRef = 185FC167201029830051FA3B /* Assets.xcassets */; };
		185FC16B201029830051FA3B /* LaunchScreen.storyboard in Resources */ = {isa = PBXBuildFile; fileRef = 185FC169201029830051FA3B /* LaunchScreen.storyboard */; };
		185FC16E201029830051FA3B /* main.m in Sources */ = {isa = PBXBuildFile; fileRef = 185FC16D201029830051FA3B /* main.m */; };
		185FC178201029830051FA3B /* ____Tests.m in Sources */ = {isa = PBXBuildFile; fileRef = 185FC177201029830051FA3B /* ____Tests.m */; };
		185FC183201029830051FA3B /* ____UITests.m in Sources */ = {isa = PBXBuildFile; fileRef = 185FC182201029830051FA3B /* ____UITests.m */; };
/* End PBXBuildFile section */

/* Begin PBXContainerItemProxy section */
		185FC174201029830051FA3B /* PBXContainerItemProxy */ = {
			isa = PBXContainerItemProxy;
			containerPortal = 185FC153201029830051FA3B /* Project object */;
			proxyType = 1;
			remoteGlobalIDString = 185FC15A201029830051FA3B;
			remoteInfo = "网络请求";
		};
		185FC17F201029830051FA3B /* PBXContainerItemProxy */ = {
			isa = PBXContainerItemProxy;
			containerPortal = 185FC153201029830051FA3B /* Project object */;
			proxyType = 1;
			remoteGlobalIDString = 185FC15A201029830051FA3B;
			remoteInfo = "网络请求";
		};
/* End PBXContainerItemProxy section */

/* Begin PBXFileReference section */
		185FC15B201029830051FA3B /* 网络请求.app */ = {isa = PBXFileReference; explicitFileType = wrapper.application; includeInIndex = 0; path = "网络请求.app"; sourceTree = BUILT_PRODUCTS_DIR; };
		185FC15E201029830051FA3B /* AppDelegate.h */ = {isa = PBXFileReference; lastKnownFileType = sourcecode.c.h; path = AppDelegate.h; sourceTree = "<group>"; };
		185FC15F201029830051FA3B /* AppDelegate.m */ = {isa = PBXFileReference; lastKnownFileType = sourcecode.c.objc; path = AppDelegate.m; sourceTree = "<group>"; };
		185FC161201029830051FA3B /* ViewController.h */ = {isa = PBXFileReference; lastKnownFileType = sourcecode.c.h; path = ViewController.h; sourceTree = "<group>"; };
		185FC162201029830051FA3B /* ViewController.m */ = {isa = PBXFileReference; lastKnownFileType = sourcecode.c.objc; path = ViewController.m; sourceTree = "<group>"; };
		185FC165201029830051FA3B /* Base */ = {isa = PBXFileReference; lastKnownFileType = file.storyboard; name = Base; path = Base.lproj/Main.storyboard; sourceTree = "<group>"; };
		185FC167201029830051FA3B /* Assets.xcassets */ = {isa = PBXFileReference; lastKnownFileType = folder.assetcatalog; path = Assets.xcassets; sourceTree = "<group>"; };
		185FC16A201029830051FA3B /* Base */ = {isa = PBXFileReference; lastKnownFileType = file.storyboard; name = Base; path = Base.lproj/LaunchScreen.storyboard; sourceTree = "<group>"; };
		185FC16C201029830051FA3B /* Info.plist */ = {isa = PBXFileReference; lastKnownFileType = text.plist.xml; path = Info.plist; sourceTree = "<group>"; };
		185FC16D201029830051FA3B /* main.m */ = {isa = PBXFileReference; lastKnownFileType = sourcecode.c.objc; path = main.m; sourceTree = "<group>"; };
		185FC173201029830051FA3B /* 网络请求Tests.xctest */ = {isa = PBXFileReference; explicitFileType = wrapper.cfbundle; includeInIndex = 0; path = "网络请求Tests.xctest"; sourceTree = BUILT_PRODUCTS_DIR; };
		185FC177201029830051FA3B /* ____Tests.m */ = {isa = PBXFileReference; lastKnownFileType = sourcecode.c.objc; path = "____Tests.m"; sourceTree = "<group>"; };
		185FC179201029830051FA3B /* Info.plist */ = {isa = PBXFileReference; lastKnownFileType = text.plist.xml; path = Info.plist; sourceTree = "<group>"; };
		185FC17E201029830051FA3B /* 网络请求UITests.xctest */ = {isa = PBXFileReference; explicitFileType = wrapper.cfbundle; includeInIndex = 0; path = "网络请求UITests.xctest"; sourceTree = BUILT_PRODUCTS_DIR; };
		185FC182201029830051FA3B /* ____UITests.m */ = {isa = PBXFileReference; lastKnownFileType = sourcecode.c.objc; path = "____UITests.m"; sourceTree = "<group>"; };
		185FC184201029830051FA3B /* Info.plist */ = {isa = PBXFileReference; lastKnownFileType = text.plist.xml; path = Info.plist; sourceTree = "<group>"; };
/* End PBXFileReference section */

/* Begin PBXFrameworksBuildPhase section */
		185FC158201029830051FA3B /* Frameworks */ = {
			isa = PBXFrameworksBuildPhase;
			buildActionMask = 2147483647;
			files = (
			);
			runOnlyForDeploymentPostprocessing = 0;
		};
		185FC170201029830051FA3B /* Frameworks */ = {
			isa = PBXFrameworksBuildPhase;
			buildActionMask = 2147483647;
			files = (
			);
			runOnlyForDeploymentPostprocessing = 0;
		};
		185FC17B201029830051FA3B /* Frameworks */ = {
			isa = PBXFrameworksBuildPhase;
			buildActionMask = 2147483647;
			files = (
			);
			runOnlyForDeploymentPostprocessing = 0;
		};
/* End PBXFrameworksBuildPhase section */

/* Begin PBXGroup section */
		185FC152201029830051FA3B = {
			isa = PBXGroup;
			children = (
				185FC15D201029830051FA3B /* 网络请求 */,
				185FC176201029830051FA3B /* 网络请求Tests */,
				185FC181201029830051FA3B /* 网络请求UITests */,
				185FC15C201029830051FA3B /* Products */,
			);
			sourceTree = "<group>";
		};
		185FC15C201029830051FA3B /* Products */ = {
			isa = PBXGroup;
			children = (
				185FC15B201029830051FA3B /* 网络请求.app */,
				185FC173201029830051FA3B /* 网络请求Tests.xctest */,
				185FC17E201029830051FA3B /* 网络请求UITests.xctest */,
			);
			name = Products;
			sourceTree = "<group>";
		};
		185FC15D201029830051FA3B /* 网络请求 */ = {
			isa = PBXGroup;
			children = (
				185FC15E201029830051FA3B /* AppDelegate.h */,
				185FC15F201029830051FA3B /* AppDelegate.m */,
				185FC161201029830051FA3B /* ViewController.h */,
				185FC162201029830051FA3B /* ViewController.m */,
				185FC164201029830051FA3B /* Main.storyboard */,
				185FC167201029830051FA3B /* Assets.xcassets */,
				185FC169201029830051FA3B /* LaunchScreen.storyboard */,
				185FC16C201029830051FA3B /* Info.plist */,
				185FC16D201029830051FA3B /* main.m */,
			);
			path = "网络请求";
			sourceTree = "<group>";
		};
		185FC176201029830051FA3B /* 网络请求Tests */ = {
			isa = PBXGroup;
			children = (
				185FC177201029830051FA3B /* ____Tests.m */,
				185FC179201029830051FA3B /* Info.plist */,
			);
			path = "网络请求Tests";
			sourceTree = "<group>";
		};
		185FC181201029830051FA3B /* 网络请求UITests */ = {
			isa = PBXGroup;
			children = (
				185FC182201029830051FA3B /* ____UITests.m */,
				185FC184201029830051FA3B /* Info.plist */,
			);
			path = "网络请求UITests";
			sourceTree = "<group>";
		};
/* End PBXGroup section */

/* Begin PBXNativeTarget section */
		185FC15A201029830051FA3B /* 网络请求 */ = {
			isa = PBXNativeTarget;
			buildConfigurationList = 185FC187201029830051FA3B /* Build configuration list for PBXNativeTarget "网络请求" */;
			buildPhases = (
				185FC157201029830051FA3B /* Sources */,
				185FC158201029830051FA3B /* Frameworks */,
				185FC159201029830051FA3B /* Resources */,
			);
			buildRules = (
			);
			dependencies = (
			);
			name = "网络请求";
			productName = "网络请求";
			productReference = 185FC15B201029830051FA3B /* 网络请求.app */;
			productType = "com.apple.product-type.application";
		};
		185FC172201029830051FA3B /* 网络请求Tests */ = {
			isa = PBXNativeTarget;
			buildConfigurationList = 185FC18A201029830051FA3B /* Build configuration list for PBXNativeTarget "网络请求Tests" */;
			buildPhases = (
				185FC16F201029830051FA3B /* Sources */,
				185FC170201029830051FA3B /* Frameworks */,
				185FC171201029830051FA3B /* Resources */,
			);
			buildRules = (
			);
			dependencies = (
				185FC175201029830051FA3B /* PBXTargetDependency */,
			);
			name = "网络请求Tests";
			productName = "网络请求Tests";
			productReference = 185FC173201029830051FA3B /* 网络请求Tests.xctest */;
			productType = "com.apple.product-type.bundle.unit-test";
		};
		185FC17D201029830051FA3B /* 网络请求UITests */ = {
			isa = PBXNativeTarget;
			buildConfigurationList = 185FC18D201029830051FA3B /* Build configuration list for PBXNativeTarget "网络请求UITests" */;
			buildPhases = (
				185FC17A201029830051FA3B /* Sources */,
				185FC17B201029830051FA3B /* Frameworks */,
				185FC17C201029830051FA3B /* Resources */,
			);
			buildRules = (
			);
			dependencies = (
				185FC180201029830051FA3B /* PBXTargetDependency */,
			);
			name = "网络请求UITests";
			productName = "网络请求UITests";
			productReference = 185FC17E201029830051FA3B /* 网络请求UITests.xctest */;
			productType = "com.apple.product-type.bundle.ui-testing";
		};
/* End PBXNativeTarget section */

/* Begin PBXProject section */
		185FC153201029830051FA3B /* Project object */ = {
			isa = PBXProject;
			attributes = {
				LastUpgradeCheck = 0920;
				ORGANIZATIONNAME = apple;
				TargetAttributes = {
					185FC15A201029830051FA3B = {
						CreatedOnToolsVersion = 9.2;
						ProvisioningStyle = Automatic;
					};
					185FC172201029830051FA3B = {
						CreatedOnToolsVersion = 9.2;
						ProvisioningStyle = Automatic;
						TestTargetID = 185FC15A201029830051FA3B;
					};
					185FC17D201029830051FA3B = {
						CreatedOnToolsVersion = 9.2;
						ProvisioningStyle = Automatic;
						TestTargetID = 185FC15A201029830051FA3B;
					};
				};
			};
			buildConfigurationList = 185FC156201029830051FA3B /* Build configuration list for PBXProject "网络请求" */;
			compatibilityVersion = "Xcode 8.0";
			developmentRegion = en;
			hasScannedForEncodings = 0;
			knownRegions = (
				en,
				Base,
			);
			mainGroup = 185FC152201029830051FA3B;
			productRefGroup = 185FC15C201029830051FA3B /* Products */;
			projectDirPath = "";
			projectRoot = "";
			targets = (
				185FC15A201029830051FA3B /* 网络请求 */,
				185FC172201029830051FA3B /* 网络请求Tests */,
				185FC17D201029830051FA3B /* 网络请求UITests */,
			);
		};
/* End PBXProject section */

/* Begin PBXResourcesBuildPhase section */
		185FC159201029830051FA3B /* Resources */ = {
			isa = PBXResourcesBuildPhase;
			buildActionMask = 2147483647;
			files = (
				185FC16B201029830051FA3B /* LaunchScreen.storyboard in Resources */,
				185FC168201029830051FA3B /* Assets.xcassets in Resources */,
				185FC166201029830051FA3B /* Main.storyboard in Resources */,
			);
			runOnlyForDeploymentPostprocessing = 0;
		};
		185FC171201029830051FA3B /* Resources */ = {
			isa = PBXResourcesBuildPhase;
			buildActionMask = 2147483647;
			files = (
			);
			runOnlyForDeploymentPostprocessing = 0;
		};
		185FC17C201029830051FA3B /* Resources */ = {
			isa = PBXResourcesBuildPhase;
			buildActionMask = 2147483647;
			files = (
			);
			runOnlyForDeploymentPostprocessing = 0;
		};
/* End PBXResourcesBuildPhase section */

/* Begin PBXSourcesBuildPhase section */
		185FC157201029830051FA3B /* Sources */ = {
			isa = PBXSourcesBuildPhase;
			buildActionMask = 2147483647;
			files = (
				185FC163201029830051FA3B /* ViewController.m in Sources */,
				185FC16E201029830051FA3B /* main.m in Sources */,
				185FC160201029830051FA3B /* AppDelegate.m in Sources */,
			);
			runOnlyForDeploymentPostprocessing = 0;
		};
		185FC16F201029830051FA3B /* Sources */ = {
			isa = PBXSourcesBuildPhase;
			buildActionMask = 2147483647;
			files = (
				185FC178201029830051FA3B /* ____Tests.m in Sources */,
			);
			runOnlyForDeploymentPostprocessing = 0;
		};
		185FC17A201029830051FA3B /* Sources */ = {
			isa = PBXSourcesBuildPhase;
			buildActionMask = 2147483647;
			files = (
				185FC183201029830051FA3B /* ____UITests.m in Sources */,
			);
			runOnlyForDeploymentPostprocessing = 0;
		};
/* End PBXSourcesBuildPhase section */

/* Begin PBXTargetDependency section */
		185FC175201029830051FA3B /* PBXTargetDependency */ = {
			isa = PBXTargetDependency;
			target = 185FC15A201029830051FA3B /* 网络请求 */;
			targetProxy = 185FC174201029830051FA3B /* PBXContainerItemProxy */;
		};
		185FC180201029830051FA3B /* PBXTargetDependency */ = {
			isa = PBXTargetDependency;
			target = 185FC15A201029830051FA3B /* 网络请求 */;
			targetProxy = 185FC17F201029830051FA3B /* PBXContainerItemProxy */;
		};
/* End PBXTargetDependency section */

/* Begin PBXVariantGroup section */
		185FC164201029830051FA3B /* Main.storyboard */ = {
			isa = PBXVariantGroup;
			children = (
				185FC165201029830051FA3B /* Base */,
			);
			name = Main.storyboard;
			sourceTree = "<group>";
		};
		185FC169201029830051FA3B /* LaunchScreen.storyboard */ = {
			isa = PBXVariantGroup;
			children = (
				185FC16A201029830051FA3B /* Base */,
			);
			name = LaunchScreen.storyboard;
			sourceTree = "<group>";
		};
/* End PBXVariantGroup section */

/* Begin XCBuildConfiguration section */
		185FC185201029830051FA3B /* Debug */ = {
			isa = XCBuildConfiguration;
			buildSettings = {
				ALWAYS_SEARCH_USER_PATHS = NO;
				CLANG_ANALYZER_NONNULL = YES;
				CLANG_ANALYZER_NUMBER_OBJECT_CONVERSION = YES_AGGRESSIVE;
				CLANG_CXX_LANGUAGE_STANDARD = "gnu++14";
				CLANG_CXX_LIBRARY = "libc++";
				CLANG_ENABLE_MODULES = YES;
				CLANG_ENABLE_OBJC_ARC = YES;
				CLANG_WARN_BLOCK_CAPTURE_AUTORELEASING = YES;
				CLANG_WARN_BOOL_CONVERSION = YES;
				CLANG_WARN_COMMA = YES;
				CLANG_WARN_CONSTANT_CONVERSION = YES;
				CLANG_WARN_DIRECT_OBJC_ISA_USAGE = YES_ERROR;
				CLANG_WARN_DOCUMENTATION_COMMENTS = YES;
				CLANG_WARN_EMPTY_BODY = YES;
				CLANG_WARN_ENUM_CONVERSION = YES;
				CLANG_WARN_INFINITE_RECURSION = YES;
				CLANG_WARN_INT_CONVERSION = YES;
				CLANG_WARN_NON_LITERAL_NULL_CONVERSION = YES;
				CLANG_WARN_OBJC_LITERAL_CONVERSION = YES;
				CLANG_WARN_OBJC_ROOT_CLASS = YES_ERROR;
				CLANG_WARN_RANGE_LOOP_ANALYSIS = YES;
				CLANG_WARN_STRICT_PROTOTYPES = YES;
				CLANG_WARN_SUSPICIOUS_MOVE = YES;
				CLANG_WARN_UNGUARDED_AVAILABILITY = YES_AGGRESSIVE;
				CLANG_WARN_UNREACHABLE_CODE = YES;
				CLANG_WARN__DUPLICATE_METHOD_MATCH = YES;
				CODE_SIGN_IDENTITY = "iPhone Developer";
				COPY_PHASE_STRIP = NO;
				DEBUG_INFORMATION_FORMAT = dwarf;
				ENABLE_STRICT_OBJC_MSGSEND = YES;
				ENABLE_TESTABILITY = YES;
				GCC_C_LANGUAGE_STANDARD = gnu11;
				GCC_DYNAMIC_NO_PIC = NO;
				GCC_NO_COMMON_BLOCKS = YES;
				GCC_OPTIMIZATION_LEVEL = 0;
				GCC_PREPROCESSOR_DEFINITIONS = (
					"DEBUG=1",
					"$(inherited)",
				);
				GCC_WARN_64_TO_32_BIT_CONVERSION = YES;
				GCC_WARN_ABOUT_RETURN_TYPE = YES_ERROR;
				GCC_WARN_UNDECLARED_SELECTOR = YES;
				GCC_WARN_UNINITIALIZED_AUTOS = YES_AGGRESSIVE;
				GCC_WARN_UNUSED_FUNCTION = YES;
				GCC_WARN_UNUSED_VARIABLE = YES;
				IPHONEOS_DEPLOYMENT_TARGET = 11.2;
				MTL_ENABLE_DEBUG_INFO = YES;
				ONLY_ACTIVE_ARCH = YES;
				SDKROOT = iphoneos;
			};
			name = Debug;
		};
		185FC186201029830051FA3B /* Release */ = {
			isa = XCBuildConfiguration;
			buildSettings = {
				ALWAYS_SEARCH_USER_PATHS = NO;
				CLANG_ANALYZER_NONNULL = YES;
				CLANG_ANALYZER_NUMBER_OBJECT_CONVERSION = YES_AGGRESSIVE;
				CLANG_CXX_LANGUAGE_STANDARD = "gnu++14";
				CLANG_CXX_LIBRARY = "libc++";
				CLANG_ENABLE_MODULES = YES;
				CLANG_ENABLE_OBJC_ARC = YES;
				CLANG_WARN_BLOCK_CAPTURE_AUTORELEASING = YES;
				CLANG_WARN_BOOL_CONVERSION = YES;
				CLANG_WARN_COMMA = YES;
				CLANG_WARN_CONSTANT_CONVERSION = YES;
				CLANG_WARN_DIRECT_OBJC_ISA_USAGE = YES_ERROR;
				CLANG_WARN_DOCUMENTATION_COMMENTS = YES;
				CLANG_WARN_EMPTY_BODY = YES;
				CLANG_WARN_ENUM_CONVERSION = YES;
				CLANG_WARN_INFINITE_RECURSION = YES;
				CLANG_WARN_INT_CONVERSION = YES;
				CLANG_WARN_NON_LITERAL_NULL_CONVERSION = YES;
				CLANG_WARN_OBJC_LITERAL_CONVERSION = YES;
				CLANG_WARN_OBJC_ROOT_CLASS = YES_ERROR;
				CLANG_WARN_RANGE_LOOP_ANALYSIS = YES;
				CLANG_WARN_STRICT_PROTOTYPES = YES;
				CLANG_WARN_SUSPICIOUS_MOVE = YES;
				CLANG_WARN_UNGUARDED_AVAILABILITY = YES_AGGRESSIVE;
				CLANG_WARN_UNREACHABLE_CODE = YES;
				CLANG_WARN__DUPLICATE_METHOD_MATCH = YES;
				CODE_SIGN_IDENTITY = "iPhone Developer";
				COPY_PHASE_STRIP = NO;
				DEBUG_INFORMATION_FORMAT = "dwarf-with-dsym";
				ENABLE_NS_ASSERTIONS = NO;
				ENABLE_STRICT_OBJC_MSGSEND = YES;
				GCC_C_LANGUAGE_STANDARD = gnu11;
				GCC_NO_COMMON_BLOCKS = YES;
				GCC_WARN_64_TO_32_BIT_CONVERSION = YES;
				GCC_WARN_ABOUT_RETURN_TYPE = YES_ERROR;
				GCC_WARN_UNDECLARED_SELECTOR = YES;
				GCC_WARN_UNINITIALIZED_AUTOS = YES_AGGRESSIVE;
				GCC_WARN_UNUSED_FUNCTION = YES;
				GCC_WARN_UNUSED_VARIABLE = YES;
				IPHONEOS_DEPLOYMENT_TARGET = 11.2;
				MTL_ENABLE_DEBUG_INFO = NO;
				SDKROOT = iphoneos;
				VALIDATE_PRODUCT = YES;
			};
			name = Release;
		};
		185FC188201029830051FA3B /* Debug */ = {
			isa = XCBuildConfiguration;
			buildSettings = {
				ASSETCATALOG_COMPILER_APPICON_NAME = AppIcon;
				CODE_SIGN_STYLE = Automatic;
				INFOPLIST_FILE = "网络请求/Info.plist";
				LD_RUNPATH_SEARCH_PATHS = "$(inherited) @executable_path/Frameworks";
				PRODUCT_BUNDLE_IDENTIFIER = "JZ.----";
				PRODUCT_NAME = "$(TARGET_NAME)";
				TARGETED_DEVICE_FAMILY = "1,2";
			};
			name = Debug;
		};
		185FC189201029830051FA3B /* Release */ = {
			isa = XCBuildConfiguration;
			buildSettings = {
				ASSETCATALOG_COMPILER_APPICON_NAME = AppIcon;
				CODE_SIGN_STYLE = Automatic;
				INFOPLIST_FILE = "网络请求/Info.plist";
				LD_RUNPATH_SEARCH_PATHS = "$(inherited) @executable_path/Frameworks";
				PRODUCT_BUNDLE_IDENTIFIER = "JZ.----";
				PRODUCT_NAME = "$(TARGET_NAME)";
				TARGETED_DEVICE_FAMILY = "1,2";
			};
			name = Release;
		};
		185FC18B201029830051FA3B /* Debug */ = {
			isa = XCBuildConfiguration;
			buildSettings = {
				BUNDLE_LOADER = "$(TEST_HOST)";
				CODE_SIGN_STYLE = Automatic;
				INFOPLIST_FILE = "网络请求Tests/Info.plist";
				LD_RUNPATH_SEARCH_PATHS = "$(inherited) @executable_path/Frameworks @loader_path/Frameworks";
				PRODUCT_BUNDLE_IDENTIFIER = "JZ.----Tests";
				PRODUCT_NAME = "$(TARGET_NAME)";
				TARGETED_DEVICE_FAMILY = "1,2";
				TEST_HOST = "$(BUILT_PRODUCTS_DIR)/网络请求.app/网络请求";
			};
			name = Debug;
		};
		185FC18C201029830051FA3B /* Release */ = {
			isa = XCBuildConfiguration;
			buildSettings = {
				BUNDLE_LOADER = "$(TEST_HOST)";
				CODE_SIGN_STYLE = Automatic;
				INFOPLIST_FILE = "网络请求Tests/Info.plist";
				LD_RUNPATH_SEARCH_PATHS = "$(inherited) @executable_path/Frameworks @loader_path/Frameworks";
				PRODUCT_BUNDLE_IDENTIFIER = "JZ.----Tests";
				PRODUCT_NAME = "$(TARGET_NAME)";
				TARGETED_DEVICE_FAMILY = "1,2";
				TEST_HOST = "$(BUILT_PRODUCTS_DIR)/网络请求.app/网络请求";
			};
			name = Release;
		};
		185FC18E201029830051FA3B /* Debug */ = {
			isa = XCBuildConfiguration;
			buildSettings = {
				CODE_SIGN_STYLE = Automatic;
				INFOPLIST_FILE = "网络请求UITests/Info.plist";
				LD_RUNPATH_SEARCH_PATHS = "$(inherited) @executable_path/Frameworks @loader_path/Frameworks";
				PRODUCT_BUNDLE_IDENTIFIER = "JZ.----UITests";
				PRODUCT_NAME = "$(TARGET_NAME)";
				TARGETED_DEVICE_FAMILY = "1,2";
				TEST_TARGET_NAME = "网络请求";
			};
			name = Debug;
		};
		185FC18F201029830051FA3B /* Release */ = {
			isa = XCBuildConfiguration;
			buildSettings = {
				CODE_SIGN_STYLE = Automatic;
				INFOPLIST_FILE = "网络请求UITests/Info.plist";
				LD_RUNPATH_SEARCH_PATHS = "$(inherited) @executable_path/Frameworks @loader_path/Frameworks";
				PRODUCT_BUNDLE_IDENTIFIER = "JZ.----UITests";
				PRODUCT_NAME = "$(TARGET_NAME)";
				TARGETED_DEVICE_FAMILY = "1,2";
				TEST_TARGET_NAME = "网络请求";
			};
			name = Release;
		};
/* End XCBuildConfiguration section */

/* Begin XCConfigurationList section */
		185FC156201029830051FA3B /* Build configuration list for PBXProject "网络请求" */ = {
			isa = XCConfigurationList;
			buildConfigurations = (
				185FC185201029830051FA3B /* Debug */,
				185FC186201029830051FA3B /* Release */,
			);
			defaultConfigurationIsVisible = 0;
			defaultConfigurationName = Release;
		};
		185FC187201029830051FA3B /* Build configuration list for PBXNativeTarget "网络请求" */ = {
			isa = XCConfigurationList;
			buildConfigurations = (
				185FC188201029830051FA3B /* Debug */,
				185FC189201029830051FA3B /* Release */,
			);
			defaultConfigurationIsVisible = 0;
			defaultConfigurationName = Release;
		};
		185FC18A201029830051FA3B /* Build configuration list for PBXNativeTarget "网络请求Tests" */ = {
			isa = XCConfigurationList;
			buildConfigurations = (
				185FC18B201029830051FA3B /* Debug */,
				185FC18C201029830051FA3B /* Release */,
			);
			defaultConfigurationIsVisible = 0;
			defaultConfigurationName = Release;
		};
		185FC18D201029830051FA3B /* Build configuration list for PBXNativeTarget "网络请求UITests" */ = {
			isa = XCConfigurationList;
			buildConfigurations = (
				185FC18E201029830051FA3B /* Debug */,
				185FC18F201029830051FA3B /* Release */,
			);
			defaultConfigurationIsVisible = 0;
			defaultConfigurationName = Release;
		};
/* End XCConfigurationList section */
	};
	rootObject = 185FC153201029830051FA3B /* Project object */;
}
